
Microsoft Visual Studio Solution File, Format Version 12.00
# Visual Studio Version 17
VisualStudioVersion = 17.3.32825.248
MinimumVisualStudioVersion = 10.0.40219.1
Project("{FAE04EC0-301F-11D3-BF4B-00C04F79EFBC}") = "Algorithms", "Algorithms\Algorithms.csproj", "{F91DD24E-C66C-498F-A9BC-D1D4C74D2323}"
EndProject
Global
	GlobalSection(SolutionConfigurationPlatforms) = preSolution
		Debug|Any CPU = Debug|Any CPU
		Release|Any CPU = Release|Any CPU
	EndGlobalSection
	GlobalSection(ProjectConfigurationPlatforms) = postSolution
		{F91DD24E-C66C-498F-A9BC-D1D4C74D2323}.Debug|Any CPU.ActiveCfg = Debug|Any CPU
		{F91DD24E-C66C-498F-A9BC-D1D4C74D2323}.Debug|Any CPU.Build.0 = Debug|Any CPU
		{F91DD24E-C66C-498F-A9BC-D1D4C74D2323}.Release|Any CPU.ActiveCfg = Release|Any CPU
		{F91DD24E-C66C-498F-A9BC-D1D4C74D2323}.Release|Any CPU.Build.0 = Release|Any CPU
	EndGlobalSection
	GlobalSection(SolutionProperties) = preSolution
		HideSolutionNode = FALSE
	EndGlobalSection
	GlobalSection(ExtensibilityGlobals) = postSolution
		SolutionGuid = {AD73585A-C202-4BA7-AA1E-17D53969C170}
	EndGlobalSection
EndGlobal
